
Microsoft Visual Studio Solution File, Format Version 12.00
# Visual Studio Version 17
VisualStudioVersion = 17.0.32014.148
MinimumVisualStudioVersion = 10.0.40219.1
Project("{9A19103F-16F7-4668-BE54-9A1E7A4F7556}") = "Example", "Example\Example.csproj", "{C5716AC4-F319-45D3-857D-E8C9BEDE679A}"
EndProject
Global
	GlobalSection(SolutionConfigurationPlatforms) = preSolution
		Debug|Any CPU = Debug|Any CPU
		Release|Any CPU = Release|Any CPU
	EndGlobalSection
	GlobalSection(ProjectConfigurationPlatforms) = postSolution
		{C5716AC4-F319-45D3-857D-E8C9BEDE679A}.Debug|Any CPU.ActiveCfg = Debug|Any CPU
		{C5716AC4-F319-45D3-857D-E8C9BEDE679A}.Debug|Any CPU.Build.0 = Debug|Any CPU
		{C5716AC4-F319-45D3-857D-E8C9BEDE679A}.Release|Any CPU.ActiveCfg = Release|Any CPU
		{C5716AC4-F319-45D3-857D-E8C9BEDE679A}.Release|Any CPU.Build.0 = Release|Any CPU
	EndGlobalSection
	GlobalSection(SolutionProperties) = preSolution
		HideSolutionNode = FALSE
	EndGlobalSection
	GlobalSection(ExtensibilityGlobals) = postSolution
		SolutionGuid = {967E953D-FC04-45E9-97CB-D3994B692EC2}
	EndGlobalSection
EndGlobal
